
Microsoft Visual Studio Solution File, Format Version 12.00
# Visual Studio 15
VisualStudioVersion = 15.0.27703.2035
MinimumVisualStudioVersion = 10.0.40219.1
Project("{8BC9CEB8-8B4A-11D0-8D11-00A0C91BC942}") = "1718112_2", "1718112_2\1718112_2.vcxproj", "{4DEE157D-333A-4F41-8EBB-85C1C7E06314}"
EndProject
Global
	GlobalSection(SolutionConfigurationPlatforms) = preSolution
		Debug|x64 = Debug|x64
		Debug|x86 = Debug|x86
		Release|x64 = Release|x64
		Release|x86 = Release|x86
	EndGlobalSection
	GlobalSection(ProjectConfigurationPlatforms) = postSolution
		{4DEE157D-333A-4F41-8EBB-85C1C7E06314}.Debug|x64.ActiveCfg = Debug|x64
		{4DEE157D-333A-4F41-8EBB-85C1C7E06314}.Debug|x64.Build.0 = Debug|x64
		{4DEE157D-333A-4F41-8EBB-85C1C7E06314}.Debug|x86.ActiveCfg = Debug|Win32
		{4DEE157D-333A-4F41-8EBB-85C1C7E06314}.Debug|x86.Build.0 = Debug|Win32
		{4DEE157D-333A-4F41-8EBB-85C1C7E06314}.Release|x64.ActiveCfg = Release|x64
		{4DEE157D-333A-4F41-8EBB-85C1C7E06314}.Release|x64.Build.0 = Release|x64
		{4DEE157D-333A-4F41-8EBB-85C1C7E06314}.Release|x86.ActiveCfg = Release|Win32
		{4DEE157D-333A-4F41-8EBB-85C1C7E06314}.Release|x86.Build.0 = Release|Win32
	EndGlobalSection
	GlobalSection(SolutionProperties) = preSolution
		HideSolutionNode = FALSE
	EndGlobalSection
	GlobalSection(ExtensibilityGlobals) = postSolution
		SolutionGuid = {E09D6477-12A3-4615-8616-D9D9A01BC619}
	EndGlobalSection
EndGlobal
